
Microsoft Visual Studio Solution File, Format Version 12.00
# Visual Studio Version 17
VisualStudioVersion = 17.2.32516.85
MinimumVisualStudioVersion = 10.0.40219.1
Project("{FAE04EC0-301F-11D3-BF4B-00C04F79EFBC}") = "Minimal-WebApiComparison", "Minimal-WebApiComparison\Minimal-WebApiComparison.csproj", "{2C214DE0-1C23-4477-830D-BB6FE9940C5F}"
EndProject
Global
	GlobalSection(SolutionConfigurationPlatforms) = preSolution
		Debug|Any CPU = Debug|Any CPU
		Release|Any CPU = Release|Any CPU
	EndGlobalSection
	GlobalSection(ProjectConfigurationPlatforms) = postSolution
		{2C214DE0-1C23-4477-830D-BB6FE9940C5F}.Debug|Any CPU.ActiveCfg = Debug|Any CPU
		{2C214DE0-1C23-4477-830D-BB6FE9940C5F}.Debug|Any CPU.Build.0 = Debug|Any CPU
		{2C214DE0-1C23-4477-830D-BB6FE9940C5F}.Release|Any CPU.ActiveCfg = Release|Any CPU
		{2C214DE0-1C23-4477-830D-BB6FE9940C5F}.Release|Any CPU.Build.0 = Release|Any CPU
	EndGlobalSection
	GlobalSection(SolutionProperties) = preSolution
		HideSolutionNode = FALSE
	EndGlobalSection
	GlobalSection(ExtensibilityGlobals) = postSolution
		SolutionGuid = {AB0F6BED-5AFA-49EE-B3D0-FFBB30E252D7}
	EndGlobalSection
EndGlobal
